
Microsoft Visual Studio Solution File, Format Version 12.00
# Visual Studio Version 16
VisualStudioVersion = 16.0.31229.75
MinimumVisualStudioVersion = 10.0.40219.1
Project("{FAE04EC0-301F-11D3-BF4B-00C04F79EFBC}") = "Numbers-Beetwen", "Numbers-Beetwen\Numbers-Beetwen.csproj", "{560217C6-3040-496F-9741-9B8D0433C53D}"
EndProject
Global
	GlobalSection(SolutionConfigurationPlatforms) = preSolution
		Debug|Any CPU = Debug|Any CPU
		Release|Any CPU = Release|Any CPU
	EndGlobalSection
	GlobalSection(ProjectConfigurationPlatforms) = postSolution
		{560217C6-3040-496F-9741-9B8D0433C53D}.Debug|Any CPU.ActiveCfg = Debug|Any CPU
		{560217C6-3040-496F-9741-9B8D0433C53D}.Debug|Any CPU.Build.0 = Debug|Any CPU
		{560217C6-3040-496F-9741-9B8D0433C53D}.Release|Any CPU.ActiveCfg = Release|Any CPU
		{560217C6-3040-496F-9741-9B8D0433C53D}.Release|Any CPU.Build.0 = Release|Any CPU
	EndGlobalSection
	GlobalSection(SolutionProperties) = preSolution
		HideSolutionNode = FALSE
	EndGlobalSection
	GlobalSection(ExtensibilityGlobals) = postSolution
		SolutionGuid = {E5F1BF25-CEDE-43E0-8E25-8E568917B88E}
	EndGlobalSection
EndGlobal
